# This file is automatically @generated by Cargo.
# It is not intended for manual editing.
version = 3

[[package]]
name = "subql-cli"
version = "0.1.0"
dependencies = [
 "subql-common",
 "subql-utils",
]

[[package]]
name = "subql-common"
version = "0.1.0"
dependencies = [
 "subql-types-core",
 "subql-utils",
]

[[package]]
name = "subql-common-substrate"
version = "0.1.0"
dependencies = [
 "subql-common",
 "subql-types",
]

[[package]]
name = "subql-node"
version = "0.1.0"
dependencies = [
 "subql-common-substrate",
 "subql-node-core",
]

[[package]]
name = "subql-node-core"
version = "0.1.0"
dependencies = [
 "subql-common",
 "subql-types",
 "subql-types-core",
 "subql-utils",
]

[[package]]
name = "subql-query"
version = "0.1.0"
dependencies = [
 "subql-common",
 "subql-utils",
]

[[package]]
name = "subql-types"
version = "0.1.0"
dependencies = [
 "subql-types-core",
]

[[package]]
name = "subql-types-core"
version = "0.1.0"

[[package]]
name = "subql-utils"
version = "0.1.0"
